
Microsoft Visual Studio Solution File, Format Version 12.00
# Visual Studio Version 16
VisualStudioVersion = 16.0.31424.327
MinimumVisualStudioVersion = 10.0.40219.1
Project("{FAE04EC0-301F-11D3-BF4B-00C04F79EFBC}") = "BOOPM3_07_01", "BOOPM3_07_01\BOOPM3_07_01.csproj", "{022A91F3-C59E-46AA-A416-AF083FF99B95}"
EndProject
Project("{FAE04EC0-301F-11D3-BF4B-00C04F79EFBC}") = "BOOPM3_07_02", "BOOPM3_07_02\BOOPM3_07_02.csproj", "{CDDAD374-D220-4F69-BF21-D88F26928654}"
EndProject
Project("{FAE04EC0-301F-11D3-BF4B-00C04F79EFBC}") = "BOOPM3_07_03", "BOOPM3_07_03\BOOPM3_07_03.csproj", "{3411C00D-8BAB-4111-AAA3-6B561A9DFEA5}"
EndProject
Project("{FAE04EC0-301F-11D3-BF4B-00C04F79EFBC}") = "BOOPM3_07_04", "BOOPM3_07_04\BOOPM3_07_04.csproj", "{D95434E4-A539-4C4E-BAB5-55C528FED594}"
EndProject
Project("{FAE04EC0-301F-11D3-BF4B-00C04F79EFBC}") = "BOOPM3_07_05", "BOOPM3_07_05\BOOPM3_07_05.csproj", "{4E23EF76-BFE3-4CCD-8B15-A4E240474287}"
EndProject
Project("{FAE04EC0-301F-11D3-BF4B-00C04F79EFBC}") = "BOOPM3_07_06", "BOOPM3_07_06\BOOPM3_07_06.csproj", "{AD004247-3729-43FC-ABE9-6EE18636B10F}"
EndProject
Project("{FAE04EC0-301F-11D3-BF4B-00C04F79EFBC}") = "BOOPM3_07_07", "BOOPM3_07_07\BOOPM3_07_07.csproj", "{54D3FE8C-B036-4037-B19E-463D3F65349F}"
EndProject
Project("{FAE04EC0-301F-11D3-BF4B-00C04F79EFBC}") = "BOOPM3_07_08", "BOOPM3_07_08\BOOPM3_07_08.csproj", "{610A73F9-9D9D-4C51-96C0-23B82517EA77}"
EndProject
Project("{FAE04EC0-301F-11D3-BF4B-00C04F79EFBC}") = "BOOPM3_07_09", "BOOPM3_07_09\BOOPM3_07_09.csproj", "{1BFE7731-4F53-45E1-98F9-2AC897676040}"
EndProject
Project("{FAE04EC0-301F-11D3-BF4B-00C04F79EFBC}") = "BOOPM3_07_10", "BOOPM3_07_10\BOOPM3_07_10.csproj", "{4C861D9B-93BB-4E53-A50D-B626DFFEACAF}"
EndProject
Project("{FAE04EC0-301F-11D3-BF4B-00C04F79EFBC}") = "BOOPM3_07_11", "BOOPM3_07_11\BOOPM3_07_11.csproj", "{87D674CA-9A9E-4897-B0BF-FFF7266C3B12}"
EndProject
Global
	GlobalSection(SolutionConfigurationPlatforms) = preSolution
		Debug|Any CPU = Debug|Any CPU
		Release|Any CPU = Release|Any CPU
	EndGlobalSection
	GlobalSection(ProjectConfigurationPlatforms) = postSolution
		{022A91F3-C59E-46AA-A416-AF083FF99B95}.Debug|Any CPU.ActiveCfg = Debug|Any CPU
		{022A91F3-C59E-46AA-A416-AF083FF99B95}.Debug|Any CPU.Build.0 = Debug|Any CPU
		{022A91F3-C59E-46AA-A416-AF083FF99B95}.Release|Any CPU.ActiveCfg = Release|Any CPU
		{022A91F3-C59E-46AA-A416-AF083FF99B95}.Release|Any CPU.Build.0 = Release|Any CPU
		{CDDAD374-D220-4F69-BF21-D88F26928654}.Debug|Any CPU.ActiveCfg = Debug|Any CPU
		{CDDAD374-D220-4F69-BF21-D88F26928654}.Debug|Any CPU.Build.0 = Debug|Any CPU
		{CDDAD374-D220-4F69-BF21-D88F26928654}.Release|Any CPU.ActiveCfg = Release|Any CPU
		{CDDAD374-D220-4F69-BF21-D88F26928654}.Release|Any CPU.Build.0 = Release|Any CPU
		{3411C00D-8BAB-4111-AAA3-6B561A9DFEA5}.Debug|Any CPU.ActiveCfg = Debug|Any CPU
		{3411C00D-8BAB-4111-AAA3-6B561A9DFEA5}.Debug|Any CPU.Build.0 = Debug|Any CPU
		{3411C00D-8BAB-4111-AAA3-6B561A9DFEA5}.Release|Any CPU.ActiveCfg = Release|Any CPU
		{3411C00D-8BAB-4111-AAA3-6B561A9DFEA5}.Release|Any CPU.Build.0 = Release|Any CPU
		{D95434E4-A539-4C4E-BAB5-55C528FED594}.Debug|Any CPU.ActiveCfg = Debug|Any CPU
		{D95434E4-A539-4C4E-BAB5-55C528FED594}.Debug|Any CPU.Build.0 = Debug|Any CPU
		{D95434E4-A539-4C4E-BAB5-55C528FED594}.Release|Any CPU.ActiveCfg = Release|Any CPU
		{D95434E4-A539-4C4E-BAB5-55C528FED594}.Release|Any CPU.Build.0 = Release|Any CPU
		{4E23EF76-BFE3-4CCD-8B15-A4E240474287}.Debug|Any CPU.ActiveCfg = Debug|Any CPU
		{4E23EF76-BFE3-4CCD-8B15-A4E240474287}.Debug|Any CPU.Build.0 = Debug|Any CPU
		{4E23EF76-BFE3-4CCD-8B15-A4E240474287}.Release|Any CPU.ActiveCfg = Release|Any CPU
		{4E23EF76-BFE3-4CCD-8B15-A4E240474287}.Release|Any CPU.Build.0 = Release|Any CPU
		{AD004247-3729-43FC-ABE9-6EE18636B10F}.Debug|Any CPU.ActiveCfg = Debug|Any CPU
		{AD004247-3729-43FC-ABE9-6EE18636B10F}.Debug|Any CPU.Build.0 = Debug|Any CPU
		{AD004247-3729-43FC-ABE9-6EE18636B10F}.Release|Any CPU.ActiveCfg = Release|Any CPU
		{AD004247-3729-43FC-ABE9-6EE18636B10F}.Release|Any CPU.Build.0 = Release|Any CPU
		{54D3FE8C-B036-4037-B19E-463D3F65349F}.Debug|Any CPU.ActiveCfg = Debug|Any CPU
		{54D3FE8C-B036-4037-B19E-463D3F65349F}.Debug|Any CPU.Build.0 = Debug|Any CPU
		{54D3FE8C-B036-4037-B19E-463D3F65349F}.Release|Any CPU.ActiveCfg = Release|Any CPU
		{54D3FE8C-B036-4037-B19E-463D3F65349F}.Release|Any CPU.Build.0 = Release|Any CPU
		{610A73F9-9D9D-4C51-96C0-23B82517EA77}.Debug|Any CPU.ActiveCfg = Debug|Any CPU
		{610A73F9-9D9D-4C51-96C0-23B82517EA77}.Debug|Any CPU.Build.0 = Debug|Any CPU
		{610A73F9-9D9D-4C51-96C0-23B82517EA77}.Release|Any CPU.ActiveCfg = Release|Any CPU
		{610A73F9-9D9D-4C51-96C0-23B82517EA77}.Release|Any CPU.Build.0 = Release|Any CPU
		{1BFE7731-4F53-45E1-98F9-2AC897676040}.Debug|Any CPU.ActiveCfg = Debug|Any CPU
		{1BFE7731-4F53-45E1-98F9-2AC897676040}.Debug|Any CPU.Build.0 = Debug|Any CPU
		{1BFE7731-4F53-45E1-98F9-2AC897676040}.Release|Any CPU.ActiveCfg = Release|Any CPU
		{1BFE7731-4F53-45E1-98F9-2AC897676040}.Release|Any CPU.Build.0 = Release|Any CPU
		{4C861D9B-93BB-4E53-A50D-B626DFFEACAF}.Debug|Any CPU.ActiveCfg = Debug|Any CPU
		{4C861D9B-93BB-4E53-A50D-B626DFFEACAF}.Debug|Any CPU.Build.0 = Debug|Any CPU
		{4C861D9B-93BB-4E53-A50D-B626DFFEACAF}.Release|Any CPU.ActiveCfg = Release|Any CPU
		{4C861D9B-93BB-4E53-A50D-B626DFFEACAF}.Release|Any CPU.Build.0 = Release|Any CPU
		{87D674CA-9A9E-4897-B0BF-FFF7266C3B12}.Debug|Any CPU.ActiveCfg = Debug|Any CPU
		{87D674CA-9A9E-4897-B0BF-FFF7266C3B12}.Debug|Any CPU.Build.0 = Debug|Any CPU
		{87D674CA-9A9E-4897-B0BF-FFF7266C3B12}.Release|Any CPU.ActiveCfg = Release|Any CPU
		{87D674CA-9A9E-4897-B0BF-FFF7266C3B12}.Release|Any CPU.Build.0 = Release|Any CPU
	EndGlobalSection
	GlobalSection(SolutionProperties) = preSolution
		HideSolutionNode = FALSE
	EndGlobalSection
	GlobalSection(ExtensibilityGlobals) = postSolution
		SolutionGuid = {E61A0B92-4CF1-4AB3-B9B9-642365560FC1}
	EndGlobalSection
EndGlobal
